
Microsoft Visual Studio Solution File, Format Version 12.00
# Visual Studio Version 17
VisualStudioVersion = 17.6.33815.320
MinimumVisualStudioVersion = 10.0.40219.1
Project("{FAE04EC0-301F-11D3-BF4B-00C04F79EFBC}") = "SerializationExamle", "SerializationExamle\SerializationExamle.csproj", "{94589F83-419E-4C32-9193-5D55F82D0624}"
EndProject
Global
	GlobalSection(SolutionConfigurationPlatforms) = preSolution
		Debug|Any CPU = Debug|Any CPU
		Release|Any CPU = Release|Any CPU
	EndGlobalSection
	GlobalSection(ProjectConfigurationPlatforms) = postSolution
		{94589F83-419E-4C32-9193-5D55F82D0624}.Debug|Any CPU.ActiveCfg = Debug|Any CPU
		{94589F83-419E-4C32-9193-5D55F82D0624}.Debug|Any CPU.Build.0 = Debug|Any CPU
		{94589F83-419E-4C32-9193-5D55F82D0624}.Release|Any CPU.ActiveCfg = Release|Any CPU
		{94589F83-419E-4C32-9193-5D55F82D0624}.Release|Any CPU.Build.0 = Release|Any CPU
	EndGlobalSection
	GlobalSection(SolutionProperties) = preSolution
		HideSolutionNode = FALSE
	EndGlobalSection
	GlobalSection(ExtensibilityGlobals) = postSolution
		SolutionGuid = {91D85D42-FB27-4345-AC70-8063BB8C429C}
	EndGlobalSection
EndGlobal
